
Microsoft Visual Studio Solution File, Format Version 12.00
# Visual Studio 2013
VisualStudioVersion = 12.0.30501.0
MinimumVisualStudioVersion = 10.0.40219.1
Project("{FAE04EC0-301F-11D3-BF4B-00C04F79EFBC}") = "HaskellPad", "HaskellPad\HaskellPad.csproj", "{50B888F4-C5D7-4370-98B1-7EBB0456BAB4}"
EndProject
Project("{F2A71F9B-5D33-465A-A702-920D77279786}") = "Core", "Core\Core.fsproj", "{CDA2896D-FF9E-4118-93D3-4F7961BB5290}"
EndProject
Project("{F2A71F9B-5D33-465A-A702-920D77279786}") = "Common", "Common\Common.fsproj", "{76795263-AE2A-4FFE-9B59-85C9A12D5DAE}"
EndProject
Global
	GlobalSection(SolutionConfigurationPlatforms) = preSolution
		Debug|Any CPU = Debug|Any CPU
		Release|Any CPU = Release|Any CPU
	EndGlobalSection
	GlobalSection(ProjectConfigurationPlatforms) = postSolution
		{50B888F4-C5D7-4370-98B1-7EBB0456BAB4}.Debug|Any CPU.ActiveCfg = Debug|Any CPU
		{50B888F4-C5D7-4370-98B1-7EBB0456BAB4}.Debug|Any CPU.Build.0 = Debug|Any CPU
		{50B888F4-C5D7-4370-98B1-7EBB0456BAB4}.Release|Any CPU.ActiveCfg = Release|Any CPU
		{50B888F4-C5D7-4370-98B1-7EBB0456BAB4}.Release|Any CPU.Build.0 = Release|Any CPU
		{CDA2896D-FF9E-4118-93D3-4F7961BB5290}.Debug|Any CPU.ActiveCfg = Debug|Any CPU
		{CDA2896D-FF9E-4118-93D3-4F7961BB5290}.Debug|Any CPU.Build.0 = Debug|Any CPU
		{CDA2896D-FF9E-4118-93D3-4F7961BB5290}.Release|Any CPU.ActiveCfg = Release|Any CPU
		{CDA2896D-FF9E-4118-93D3-4F7961BB5290}.Release|Any CPU.Build.0 = Release|Any CPU
		{76795263-AE2A-4FFE-9B59-85C9A12D5DAE}.Debug|Any CPU.ActiveCfg = Debug|Any CPU
		{76795263-AE2A-4FFE-9B59-85C9A12D5DAE}.Debug|Any CPU.Build.0 = Debug|Any CPU
		{76795263-AE2A-4FFE-9B59-85C9A12D5DAE}.Release|Any CPU.ActiveCfg = Release|Any CPU
		{76795263-AE2A-4FFE-9B59-85C9A12D5DAE}.Release|Any CPU.Build.0 = Release|Any CPU
	EndGlobalSection
	GlobalSection(SolutionProperties) = preSolution
		HideSolutionNode = FALSE
	EndGlobalSection
EndGlobal
